
Microsoft Visual Studio Solution File, Format Version 12.00
Project("{FAE04EC0-301F-11D3-BF4B-00C04F79EFBC}") = "github", "github\github.csproj", "{B862E5AE-0509-4874-8A9A-57E443F5DEF8}"
EndProject
Global
	GlobalSection(SolutionConfigurationPlatforms) = preSolution
		Debug|Any CPU = Debug|Any CPU
		Release|Any CPU = Release|Any CPU
	EndGlobalSection
	GlobalSection(ProjectConfigurationPlatforms) = postSolution
		{B862E5AE-0509-4874-8A9A-57E443F5DEF8}.Debug|Any CPU.ActiveCfg = Debug|Any CPU
		{B862E5AE-0509-4874-8A9A-57E443F5DEF8}.Debug|Any CPU.Build.0 = Debug|Any CPU
		{B862E5AE-0509-4874-8A9A-57E443F5DEF8}.Release|Any CPU.ActiveCfg = Release|Any CPU
		{B862E5AE-0509-4874-8A9A-57E443F5DEF8}.Release|Any CPU.Build.0 = Release|Any CPU
	EndGlobalSection
EndGlobal
